
Microsoft Visual Studio Solution File, Format Version 12.00
# Visual Studio Version 17
VisualStudioVersion = 17.11.35222.181
MinimumVisualStudioVersion = 10.0.40219.1
Project("{8BC9CEB8-8B4A-11D0-8D11-00A0C91BC942}") = "Project1", "Project1\Project1.vcxproj", "{51EC6BEA-8503-407C-A4BD-9559F44B47BE}"
EndProject
Project("{8BC9CEB8-8B4A-11D0-8D11-00A0C91BC942}") = "Project2", "Project2\Project2.vcxproj", "{36B2D3C5-130A-4993-91B9-3535D71A22BF}"
EndProject
Project("{8BC9CEB8-8B4A-11D0-8D11-00A0C91BC942}") = "Project3", "Project3\Project3.vcxproj", "{A4C83055-E817-4B2F-9DC9-8B3D2CA31C6C}"
EndProject
Project("{8BC9CEB8-8B4A-11D0-8D11-00A0C91BC942}") = "Project4", "Project4\Project4.vcxproj", "{BD5628F9-477E-49D7-A0B7-379C56C50CCC}"
EndProject
Project("{8BC9CEB8-8B4A-11D0-8D11-00A0C91BC942}") = "Project10", "Project10\Project10.vcxproj", "{D70E3EBB-3B9E-4756-9876-41D7047ED9F5}"
EndProject
Project("{8BC9CEB8-8B4A-11D0-8D11-00A0C91BC942}") = "Project5", "Project5\Project5.vcxproj", "{BA45D8E9-3727-4B87-97A6-2ADDDC1C4718}"
EndProject
Project("{8BC9CEB8-8B4A-11D0-8D11-00A0C91BC942}") = "Project6", "Project6\Project6.vcxproj", "{098ADC8E-AF3F-4E38-891C-28154DF0CF32}"
EndProject
Project("{8BC9CEB8-8B4A-11D0-8D11-00A0C91BC942}") = "Project7", "Project7\Project7.vcxproj", "{51D7F901-B241-464D-B1CA-0875CAFDE4CD}"
EndProject
Project("{8BC9CEB8-8B4A-11D0-8D11-00A0C91BC942}") = "Project9", "Project9\Project9.vcxproj", "{5C6ED99E-CC46-473F-B179-EB0807F386A4}"
EndProject
Project("{8BC9CEB8-8B4A-11D0-8D11-00A0C91BC942}") = "Project8", "Project8\Project8.vcxproj", "{36FB0D56-6330-4EA9-B11F-BA1330B9B37A}"
EndProject
Global
	GlobalSection(SolutionConfigurationPlatforms) = preSolution
		Debug|x64 = Debug|x64
		Debug|x86 = Debug|x86
		Release|x64 = Release|x64
		Release|x86 = Release|x86
	EndGlobalSection
	GlobalSection(ProjectConfigurationPlatforms) = postSolution
		{51EC6BEA-8503-407C-A4BD-9559F44B47BE}.Debug|x64.ActiveCfg = Debug|x64
		{51EC6BEA-8503-407C-A4BD-9559F44B47BE}.Debug|x64.Build.0 = Debug|x64
		{51EC6BEA-8503-407C-A4BD-9559F44B47BE}.Debug|x86.ActiveCfg = Debug|Win32
		{51EC6BEA-8503-407C-A4BD-9559F44B47BE}.Debug|x86.Build.0 = Debug|Win32
		{51EC6BEA-8503-407C-A4BD-9559F44B47BE}.Release|x64.ActiveCfg = Release|x64
		{51EC6BEA-8503-407C-A4BD-9559F44B47BE}.Release|x64.Build.0 = Release|x64
		{51EC6BEA-8503-407C-A4BD-9559F44B47BE}.Release|x86.ActiveCfg = Release|Win32
		{51EC6BEA-8503-407C-A4BD-9559F44B47BE}.Release|x86.Build.0 = Release|Win32
		{36B2D3C5-130A-4993-91B9-3535D71A22BF}.Debug|x64.ActiveCfg = Debug|x64
		{36B2D3C5-130A-4993-91B9-3535D71A22BF}.Debug|x64.Build.0 = Debug|x64
		{36B2D3C5-130A-4993-91B9-3535D71A22BF}.Debug|x86.ActiveCfg = Debug|Win32
		{36B2D3C5-130A-4993-91B9-3535D71A22BF}.Debug|x86.Build.0 = Debug|Win32
		{36B2D3C5-130A-4993-91B9-3535D71A22BF}.Release|x64.ActiveCfg = Release|x64
		{36B2D3C5-130A-4993-91B9-3535D71A22BF}.Release|x64.Build.0 = Release|x64
		{36B2D3C5-130A-4993-91B9-3535D71A22BF}.Release|x86.ActiveCfg = Release|Win32
		{36B2D3C5-130A-4993-91B9-3535D71A22BF}.Release|x86.Build.0 = Release|Win32
		{A4C83055-E817-4B2F-9DC9-8B3D2CA31C6C}.Debug|x64.ActiveCfg = Debug|x64
		{A4C83055-E817-4B2F-9DC9-8B3D2CA31C6C}.Debug|x64.Build.0 = Debug|x64
		{A4C83055-E817-4B2F-9DC9-8B3D2CA31C6C}.Debug|x86.ActiveCfg = Debug|Win32
		{A4C83055-E817-4B2F-9DC9-8B3D2CA31C6C}.Debug|x86.Build.0 = Debug|Win32
		{A4C83055-E817-4B2F-9DC9-8B3D2CA31C6C}.Release|x64.ActiveCfg = Release|x64
		{A4C83055-E817-4B2F-9DC9-8B3D2CA31C6C}.Release|x64.Build.0 = Release|x64
		{A4C83055-E817-4B2F-9DC9-8B3D2CA31C6C}.Release|x86.ActiveCfg = Release|Win32
		{A4C83055-E817-4B2F-9DC9-8B3D2CA31C6C}.Release|x86.Build.0 = Release|Win32
		{BD5628F9-477E-49D7-A0B7-379C56C50CCC}.Debug|x64.ActiveCfg = Debug|x64
		{BD5628F9-477E-49D7-A0B7-379C56C50CCC}.Debug|x64.Build.0 = Debug|x64
		{BD5628F9-477E-49D7-A0B7-379C56C50CCC}.Debug|x86.ActiveCfg = Debug|Win32
		{BD5628F9-477E-49D7-A0B7-379C56C50CCC}.Debug|x86.Build.0 = Debug|Win32
		{BD5628F9-477E-49D7-A0B7-379C56C50CCC}.Release|x64.ActiveCfg = Release|x64
		{BD5628F9-477E-49D7-A0B7-379C56C50CCC}.Release|x64.Build.0 = Release|x64
		{BD5628F9-477E-49D7-A0B7-379C56C50CCC}.Release|x86.ActiveCfg = Release|Win32
		{BD5628F9-477E-49D7-A0B7-379C56C50CCC}.Release|x86.Build.0 = Release|Win32
		{D70E3EBB-3B9E-4756-9876-41D7047ED9F5}.Debug|x64.ActiveCfg = Debug|x64
		{D70E3EBB-3B9E-4756-9876-41D7047ED9F5}.Debug|x64.Build.0 = Debug|x64
		{D70E3EBB-3B9E-4756-9876-41D7047ED9F5}.Debug|x86.ActiveCfg = Debug|Win32
		{D70E3EBB-3B9E-4756-9876-41D7047ED9F5}.Debug|x86.Build.0 = Debug|Win32
		{D70E3EBB-3B9E-4756-9876-41D7047ED9F5}.Release|x64.ActiveCfg = Release|x64
		{D70E3EBB-3B9E-4756-9876-41D7047ED9F5}.Release|x64.Build.0 = Release|x64
		{D70E3EBB-3B9E-4756-9876-41D7047ED9F5}.Release|x86.ActiveCfg = Release|Win32
		{D70E3EBB-3B9E-4756-9876-41D7047ED9F5}.Release|x86.Build.0 = Release|Win32
		{BA45D8E9-3727-4B87-97A6-2ADDDC1C4718}.Debug|x64.ActiveCfg = Debug|x64
		{BA45D8E9-3727-4B87-97A6-2ADDDC1C4718}.Debug|x64.Build.0 = Debug|x64
		{BA45D8E9-3727-4B87-97A6-2ADDDC1C4718}.Debug|x86.ActiveCfg = Debug|Win32
		{BA45D8E9-3727-4B87-97A6-2ADDDC1C4718}.Debug|x86.Build.0 = Debug|Win32
		{BA45D8E9-3727-4B87-97A6-2ADDDC1C4718}.Release|x64.ActiveCfg = Release|x64
		{BA45D8E9-3727-4B87-97A6-2ADDDC1C4718}.Release|x64.Build.0 = Release|x64
		{BA45D8E9-3727-4B87-97A6-2ADDDC1C4718}.Release|x86.ActiveCfg = Release|Win32
		{BA45D8E9-3727-4B87-97A6-2ADDDC1C4718}.Release|x86.Build.0 = Release|Win32
		{098ADC8E-AF3F-4E38-891C-28154DF0CF32}.Debug|x64.ActiveCfg = Debug|x64
		{098ADC8E-AF3F-4E38-891C-28154DF0CF32}.Debug|x64.Build.0 = Debug|x64
		{098ADC8E-AF3F-4E38-891C-28154DF0CF32}.Debug|x86.ActiveCfg = Debug|Win32
		{098ADC8E-AF3F-4E38-891C-28154DF0CF32}.Debug|x86.Build.0 = Debug|Win32
		{098ADC8E-AF3F-4E38-891C-28154DF0CF32}.Release|x64.ActiveCfg = Release|x64
		{098ADC8E-AF3F-4E38-891C-28154DF0CF32}.Release|x64.Build.0 = Release|x64
		{098ADC8E-AF3F-4E38-891C-28154DF0CF32}.Release|x86.ActiveCfg = Release|Win32
		{098ADC8E-AF3F-4E38-891C-28154DF0CF32}.Release|x86.Build.0 = Release|Win32
		{51D7F901-B241-464D-B1CA-0875CAFDE4CD}.Debug|x64.ActiveCfg = Debug|x64
		{51D7F901-B241-464D-B1CA-0875CAFDE4CD}.Debug|x64.Build.0 = Debug|x64
		{51D7F901-B241-464D-B1CA-0875CAFDE4CD}.Debug|x86.ActiveCfg = Debug|Win32
		{51D7F901-B241-464D-B1CA-0875CAFDE4CD}.Debug|x86.Build.0 = Debug|Win32
		{51D7F901-B241-464D-B1CA-0875CAFDE4CD}.Release|x64.ActiveCfg = Release|x64
		{51D7F901-B241-464D-B1CA-0875CAFDE4CD}.Release|x64.Build.0 = Release|x64
		{51D7F901-B241-464D-B1CA-0875CAFDE4CD}.Release|x86.ActiveCfg = Release|Win32
		{51D7F901-B241-464D-B1CA-0875CAFDE4CD}.Release|x86.Build.0 = Release|Win32
		{5C6ED99E-CC46-473F-B179-EB0807F386A4}.Debug|x64.ActiveCfg = Debug|x64
		{5C6ED99E-CC46-473F-B179-EB0807F386A4}.Debug|x64.Build.0 = Debug|x64
		{5C6ED99E-CC46-473F-B179-EB0807F386A4}.Debug|x86.ActiveCfg = Debug|Win32
		{5C6ED99E-CC46-473F-B179-EB0807F386A4}.Debug|x86.Build.0 = Debug|Win32
		{5C6ED99E-CC46-473F-B179-EB0807F386A4}.Release|x64.ActiveCfg = Release|x64
		{5C6ED99E-CC46-473F-B179-EB0807F386A4}.Release|x64.Build.0 = Release|x64
		{5C6ED99E-CC46-473F-B179-EB0807F386A4}.Release|x86.ActiveCfg = Release|Win32
		{5C6ED99E-CC46-473F-B179-EB0807F386A4}.Release|x86.Build.0 = Release|Win32
		{36FB0D56-6330-4EA9-B11F-BA1330B9B37A}.Debug|x64.ActiveCfg = Debug|x64
		{36FB0D56-6330-4EA9-B11F-BA1330B9B37A}.Debug|x64.Build.0 = Debug|x64
		{36FB0D56-6330-4EA9-B11F-BA1330B9B37A}.Debug|x86.ActiveCfg = Debug|Win32
		{36FB0D56-6330-4EA9-B11F-BA1330B9B37A}.Debug|x86.Build.0 = Debug|Win32
		{36FB0D56-6330-4EA9-B11F-BA1330B9B37A}.Release|x64.ActiveCfg = Release|x64
		{36FB0D56-6330-4EA9-B11F-BA1330B9B37A}.Release|x64.Build.0 = Release|x64
		{36FB0D56-6330-4EA9-B11F-BA1330B9B37A}.Release|x86.ActiveCfg = Release|Win32
		{36FB0D56-6330-4EA9-B11F-BA1330B9B37A}.Release|x86.Build.0 = Release|Win32
	EndGlobalSection
	GlobalSection(SolutionProperties) = preSolution
		HideSolutionNode = FALSE
	EndGlobalSection
	GlobalSection(ExtensibilityGlobals) = postSolution
		SolutionGuid = {594CC25A-284C-4747-8C0C-2A19ABB0637D}
	EndGlobalSection
EndGlobal
